// !$*UTF8*$!
{
	archiveVersion = 1;
	classes = {
	};
	objectVersion = 56;
	objects = {

/* Begin PBXBuildFile section */
		445A47AF2A5FD6B6005573DC /* AlbumListView.swift in Sources */ = {isa = PBXBuildFile; fileRef = 445A47AE2A5FD6B6005573DC /* AlbumListView.swift */; };
		44671A212A6BE3D000C9C99A /* FirebaseMananger.swift in Sources */ = {isa = PBXBuildFile; fileRef = 44671A202A6BE3D000C9C99A /* FirebaseMananger.swift */; };
		447E05012A79549F005AACE7 /* ImageCacheManager.swift in Sources */ = {isa = PBXBuildFile; fileRef = 447E05002A79549E005AACE7 /* ImageCacheManager.swift */; };
		44852D2F2A6FBA430074D3D4 /* LottieUIViews.swift in Sources */ = {isa = PBXBuildFile; fileRef = 44852D2E2A6FBA430074D3D4 /* LottieUIViews.swift */; };
		44852D312A6FBC120074D3D4 /* LoadingLottie.json in Resources */ = {isa = PBXBuildFile; fileRef = 44852D302A6FBC120074D3D4 /* LoadingLottie.json */; };
		44852D332A7012590074D3D4 /* UIColor+.swift in Sources */ = {isa = PBXBuildFile; fileRef = 44852D322A7012590074D3D4 /* UIColor+.swift */; };
		4498B2362A6D37E00069F54A /* CameraViewModel.swift in Sources */ = {isa = PBXBuildFile; fileRef = 4498B2352A6D37E00069F54A /* CameraViewModel.swift */; };
		44CE81972A7430A800D1420E /* BlurPopupUIView.swift in Sources */ = {isa = PBXBuildFile; fileRef = 44CE81962A7430A800D1420E /* BlurPopupUIView.swift */; };
		44DE9B8E2A67DC2100E6615B /* UIDevice+.swift in Sources */ = {isa = PBXBuildFile; fileRef = 44DE9B8D2A67DC2100E6615B /* UIDevice+.swift */; };
		44DE9B902A67DC3B00E6615B /* UIImage+.swift in Sources */ = {isa = PBXBuildFile; fileRef = 44DE9B8F2A67DC3B00E6615B /* UIImage+.swift */; };
		44DE9B922A67DC6500E6615B /* CameraRepresentableView.swift in Sources */ = {isa = PBXBuildFile; fileRef = 44DE9B912A67DC6500E6615B /* CameraRepresentableView.swift */; };
		44DE9B952A67DCA000E6615B /* CameraViewController.swift in Sources */ = {isa = PBXBuildFile; fileRef = 44DE9B942A67DCA000E6615B /* CameraViewController.swift */; };
		44DE9B972A67DCDD00E6615B /* TransformImageBasedOnContainerView.swift in Sources */ = {isa = PBXBuildFile; fileRef = 44DE9B962A67DCDD00E6615B /* TransformImageBasedOnContainerView.swift */; };
		44DE9B9A2A67EBD700E6615B /* CameraStoryboard.storyboard in Resources */ = {isa = PBXBuildFile; fileRef = 44DE9B982A67E8C000E6615B /* CameraStoryboard.storyboard */; };
		44EE2BFB2A6E6EF5003B5C1F /* Image+.swift in Sources */ = {isa = PBXBuildFile; fileRef = 44EE2BFA2A6E6EF5003B5C1F /* Image+.swift */; };
		44EE2BFD2A6E8AAB003B5C1F /* ImageSize.swift in Sources */ = {isa = PBXBuildFile; fileRef = 44EE2BFC2A6E8AAB003B5C1F /* ImageSize.swift */; };
		9846144B2A69075E0043EAE9 /* ProfileSettingView.swift in Sources */ = {isa = PBXBuildFile; fileRef = 9846144A2A69075E0043EAE9 /* ProfileSettingView.swift */; };
		9854E6FE2A7A0948009442B0 /* GoogleService-Info-2.plist in Resources */ = {isa = PBXBuildFile; fileRef = 9854E6FD2A7A0948009442B0 /* GoogleService-Info-2.plist */; };
		985DBC1E2A699DAA006C64FC /* LoadingVerificationView.swift in Sources */ = {isa = PBXBuildFile; fileRef = 985DBC1D2A699DAA006C64FC /* LoadingVerificationView.swift */; };
		987E425C2A5FE17F00C682D9 /* LogInView.swift in Sources */ = {isa = PBXBuildFile; fileRef = 987E425B2A5FE17F00C682D9 /* LogInView.swift */; };
		988A277F2A72351900A9B5C0 /* SecureInputView.swift in Sources */ = {isa = PBXBuildFile; fileRef = 988A277E2A72351900A9B5C0 /* SecureInputView.swift */; };
		989B44942A65752100D99439 /* CouplingView.swift in Sources */ = {isa = PBXBuildFile; fileRef = 989B44932A65752100D99439 /* CouplingView.swift */; };
		989B449A2A65BB9200D99439 /* DiptychUser.swift in Sources */ = {isa = PBXBuildFile; fileRef = 989B44992A65BB9200D99439 /* DiptychUser.swift */; };
		989DFFDE2A5FD65F00EBBC12 /* GoogleService-Info.plist in Resources */ = {isa = PBXBuildFile; fileRef = 989DFFDD2A5FD65F00EBBC12 /* GoogleService-Info.plist */; };
		989DFFE02A5FD75A00EBBC12 /* SignUpView.swift in Sources */ = {isa = PBXBuildFile; fileRef = 989DFFDF2A5FD75A00EBBC12 /* SignUpView.swift */; };
		989DFFE52A5FDC4B00EBBC12 /* OnBoardingView.swift in Sources */ = {isa = PBXBuildFile; fileRef = 989DFFE42A5FDC4B00EBBC12 /* OnBoardingView.swift */; };
		98A8E82B2A691938005DF658 /* UserViewModel.swift in Sources */ = {isa = PBXBuildFile; fileRef = 98A8E82A2A691938005DF658 /* UserViewModel.swift */; };
		98D44DD12A72D97D005B9E99 /* FirebaseAnalytics in Frameworks */ = {isa = PBXBuildFile; productRef = 98D44DD02A72D97D005B9E99 /* FirebaseAnalytics */; };
		98D44DD32A72D97D005B9E99 /* FirebaseAuth in Frameworks */ = {isa = PBXBuildFile; productRef = 98D44DD22A72D97D005B9E99 /* FirebaseAuth */; };
		98D44DD52A72D97D005B9E99 /* FirebaseDatabase in Frameworks */ = {isa = PBXBuildFile; productRef = 98D44DD42A72D97D005B9E99 /* FirebaseDatabase */; };
		98D44DD72A72D97D005B9E99 /* FirebaseDatabaseSwift in Frameworks */ = {isa = PBXBuildFile; productRef = 98D44DD62A72D97D005B9E99 /* FirebaseDatabaseSwift */; };
		98D44DD92A72D97D005B9E99 /* FirebaseFirestore in Frameworks */ = {isa = PBXBuildFile; productRef = 98D44DD82A72D97D005B9E99 /* FirebaseFirestore */; };
		98D44DDB2A72D97D005B9E99 /* FirebaseFirestoreSwift in Frameworks */ = {isa = PBXBuildFile; productRef = 98D44DDA2A72D97D005B9E99 /* FirebaseFirestoreSwift */; };
		98D44DDD2A72D97D005B9E99 /* FirebaseStorage in Frameworks */ = {isa = PBXBuildFile; productRef = 98D44DDC2A72D97D005B9E99 /* FirebaseStorage */; };
		98D4A0842A6A625200EB8C94 /* Date+.swift in Sources */ = {isa = PBXBuildFile; fileRef = 98D4A0832A6A625200EB8C94 /* Date+.swift */; };
		98D4A0862A6E3E7D00EB8C94 /* DiptychAlbum.swift in Sources */ = {isa = PBXBuildFile; fileRef = 98D4A0852A6E3E7D00EB8C94 /* DiptychAlbum.swift */; };
		98D4A0892A6E6AAB00EB8C94 /* Lottie in Frameworks */ = {isa = PBXBuildFile; productRef = 98D4A0882A6E6AAB00EB8C94 /* Lottie */; };
		98D4A08B2A6E6E1E00EB8C94 /* DiptychSplashLogo.json in Resources */ = {isa = PBXBuildFile; fileRef = 98D4A08A2A6E6E1E00EB8C94 /* DiptychSplashLogo.json */; };
		98D4A08D2A6E6EF100EB8C94 /* LottieView.swift in Sources */ = {isa = PBXBuildFile; fileRef = 98D4A08C2A6E6EF100EB8C94 /* LottieView.swift */; };
		98EEBEC82A6FA87100F575ED /* DiptychSplashLogo3sec.json in Resources */ = {isa = PBXBuildFile; fileRef = 98EEBEC72A6FA87100F575ED /* DiptychSplashLogo3sec.json */; };
		AB2A9EA42A5EC46100D70C33 /* DiptychApp.swift in Sources */ = {isa = PBXBuildFile; fileRef = AB2A9EA32A5EC46100D70C33 /* DiptychApp.swift */; };
		AB2A9EA82A5EC46200D70C33 /* Assets.xcassets in Resources */ = {isa = PBXBuildFile; fileRef = AB2A9EA72A5EC46200D70C33 /* Assets.xcassets */; };
		AB2A9EAB2A5EC46200D70C33 /* Preview Assets.xcassets in Resources */ = {isa = PBXBuildFile; fileRef = AB2A9EAA2A5EC46200D70C33 /* Preview Assets.xcassets */; };
		AB2A9EB52A5EC46300D70C33 /* DiptychTests.swift in Sources */ = {isa = PBXBuildFile; fileRef = AB2A9EB42A5EC46300D70C33 /* DiptychTests.swift */; };
		AB2A9EBF2A5EC46300D70C33 /* DiptychUITests.swift in Sources */ = {isa = PBXBuildFile; fileRef = AB2A9EBE2A5EC46300D70C33 /* DiptychUITests.swift */; };
		AB2A9EC12A5EC46300D70C33 /* DiptychUITestsLaunchTests.swift in Sources */ = {isa = PBXBuildFile; fileRef = AB2A9EC02A5EC46300D70C33 /* DiptychUITestsLaunchTests.swift */; };
		AB2AC1ED2A5F093B00B162E1 /* TodayDiptychView.swift in Sources */ = {isa = PBXBuildFile; fileRef = AB2AC1EC2A5F093B00B162E1 /* TodayDiptychView.swift */; };
		AB2AC1F32A5F097400B162E1 /* ProfileView.swift in Sources */ = {isa = PBXBuildFile; fileRef = AB2AC1F22A5F097400B162E1 /* ProfileView.swift */; };
		AB2AC1F52A5F15A100B162E1 /* Color+.swift in Sources */ = {isa = PBXBuildFile; fileRef = AB2AC1F42A5F15A100B162E1 /* Color+.swift */; };
		AB2AC2002A5F280000B162E1 /* Pretendard-ExtraBold.otf in Resources */ = {isa = PBXBuildFile; fileRef = AB2AC1F72A5F27FF00B162E1 /* Pretendard-ExtraBold.otf */; };
		AB2AC2012A5F280000B162E1 /* Pretendard-ExtraBold.otf in Resources */ = {isa = PBXBuildFile; fileRef = AB2AC1F72A5F27FF00B162E1 /* Pretendard-ExtraBold.otf */; };
		AB2AC2022A5F280000B162E1 /* Pretendard-ExtraBold.otf in Resources */ = {isa = PBXBuildFile; fileRef = AB2AC1F72A5F27FF00B162E1 /* Pretendard-ExtraBold.otf */; };
		AB2AC2032A5F280000B162E1 /* Pretendard-Black.otf in Resources */ = {isa = PBXBuildFile; fileRef = AB2AC1F82A5F27FF00B162E1 /* Pretendard-Black.otf */; };
		AB2AC2042A5F280000B162E1 /* Pretendard-Black.otf in Resources */ = {isa = PBXBuildFile; fileRef = AB2AC1F82A5F27FF00B162E1 /* Pretendard-Black.otf */; };
		AB2AC2052A5F280000B162E1 /* Pretendard-Black.otf in Resources */ = {isa = PBXBuildFile; fileRef = AB2AC1F82A5F27FF00B162E1 /* Pretendard-Black.otf */; };
		AB2AC2062A5F280000B162E1 /* Pretendard-SemiBold.otf in Resources */ = {isa = PBXBuildFile; fileRef = AB2AC1F92A5F27FF00B162E1 /* Pretendard-SemiBold.otf */; };
		AB2AC2072A5F280000B162E1 /* Pretendard-SemiBold.otf in Resources */ = {isa = PBXBuildFile; fileRef = AB2AC1F92A5F27FF00B162E1 /* Pretendard-SemiBold.otf */; };
		AB2AC2082A5F280000B162E1 /* Pretendard-SemiBold.otf in Resources */ = {isa = PBXBuildFile; fileRef = AB2AC1F92A5F27FF00B162E1 /* Pretendard-SemiBold.otf */; };
		AB2AC2092A5F280000B162E1 /* Pretendard-Thin.otf in Resources */ = {isa = PBXBuildFile; fileRef = AB2AC1FA2A5F27FF00B162E1 /* Pretendard-Thin.otf */; };
		AB2AC20A2A5F280000B162E1 /* Pretendard-Thin.otf in Resources */ = {isa = PBXBuildFile; fileRef = AB2AC1FA2A5F27FF00B162E1 /* Pretendard-Thin.otf */; };
		AB2AC20B2A5F280000B162E1 /* Pretendard-Thin.otf in Resources */ = {isa = PBXBuildFile; fileRef = AB2AC1FA2A5F27FF00B162E1 /* Pretendard-Thin.otf */; };
		AB2AC20C2A5F280000B162E1 /* Pretendard-Bold.otf in Resources */ = {isa = PBXBuildFile; fileRef = AB2AC1FB2A5F27FF00B162E1 /* Pretendard-Bold.otf */; };
		AB2AC20D2A5F280000B162E1 /* Pretendard-Bold.otf in Resources */ = {isa = PBXBuildFile; fileRef = AB2AC1FB2A5F27FF00B162E1 /* Pretendard-Bold.otf */; };
		AB2AC20E2A5F280000B162E1 /* Pretendard-Bold.otf in Resources */ = {isa = PBXBuildFile; fileRef = AB2AC1FB2A5F27FF00B162E1 /* Pretendard-Bold.otf */; };
		AB2AC20F2A5F280000B162E1 /* Pretendard-Light.otf in Resources */ = {isa = PBXBuildFile; fileRef = AB2AC1FC2A5F27FF00B162E1 /* Pretendard-Light.otf */; };
		AB2AC2102A5F280000B162E1 /* Pretendard-Light.otf in Resources */ = {isa = PBXBuildFile; fileRef = AB2AC1FC2A5F27FF00B162E1 /* Pretendard-Light.otf */; };
		AB2AC2112A5F280000B162E1 /* Pretendard-Light.otf in Resources */ = {isa = PBXBuildFile; fileRef = AB2AC1FC2A5F27FF00B162E1 /* Pretendard-Light.otf */; };
		AB2AC2122A5F280000B162E1 /* Pretendard-Regular.otf in Resources */ = {isa = PBXBuildFile; fileRef = AB2AC1FD2A5F27FF00B162E1 /* Pretendard-Regular.otf */; };
		AB2AC2132A5F280000B162E1 /* Pretendard-Regular.otf in Resources */ = {isa = PBXBuildFile; fileRef = AB2AC1FD2A5F27FF00B162E1 /* Pretendard-Regular.otf */; };
		AB2AC2142A5F280000B162E1 /* Pretendard-Regular.otf in Resources */ = {isa = PBXBuildFile; fileRef = AB2AC1FD2A5F27FF00B162E1 /* Pretendard-Regular.otf */; };
		AB2AC2152A5F280000B162E1 /* Pretendard-Medium.otf in Resources */ = {isa = PBXBuildFile; fileRef = AB2AC1FE2A5F27FF00B162E1 /* Pretendard-Medium.otf */; };
		AB2AC2162A5F280000B162E1 /* Pretendard-Medium.otf in Resources */ = {isa = PBXBuildFile; fileRef = AB2AC1FE2A5F27FF00B162E1 /* Pretendard-Medium.otf */; };
		AB2AC2172A5F280000B162E1 /* Pretendard-Medium.otf in Resources */ = {isa = PBXBuildFile; fileRef = AB2AC1FE2A5F27FF00B162E1 /* Pretendard-Medium.otf */; };
		AB2AC2182A5F280000B162E1 /* Pretendard-ExtraLight.otf in Resources */ = {isa = PBXBuildFile; fileRef = AB2AC1FF2A5F280000B162E1 /* Pretendard-ExtraLight.otf */; };
		AB2AC2192A5F280000B162E1 /* Pretendard-ExtraLight.otf in Resources */ = {isa = PBXBuildFile; fileRef = AB2AC1FF2A5F280000B162E1 /* Pretendard-ExtraLight.otf */; };
		AB2AC21A2A5F280000B162E1 /* Pretendard-ExtraLight.otf in Resources */ = {isa = PBXBuildFile; fileRef = AB2AC1FF2A5F280000B162E1 /* Pretendard-ExtraLight.otf */; };
		AB2AC2232A5F8E8700B162E1 /* PretendardType.swift in Sources */ = {isa = PBXBuildFile; fileRef = AB2AC2222A5F8E8700B162E1 /* PretendardType.swift */; };
		AB2AC2242A5F8E8700B162E1 /* PretendardType.swift in Sources */ = {isa = PBXBuildFile; fileRef = AB2AC2222A5F8E8700B162E1 /* PretendardType.swift */; };
		AB2AC2252A5F8E8700B162E1 /* PretendardType.swift in Sources */ = {isa = PBXBuildFile; fileRef = AB2AC2222A5F8E8700B162E1 /* PretendardType.swift */; };
		AB2AC2282A5F922F00B162E1 /* Font+.swift in Sources */ = {isa = PBXBuildFile; fileRef = AB2AC2272A5F922F00B162E1 /* Font+.swift */; };
		AB2AC2292A5F922F00B162E1 /* Font+.swift in Sources */ = {isa = PBXBuildFile; fileRef = AB2AC2272A5F922F00B162E1 /* Font+.swift */; };
		AB2AC22A2A5F922F00B162E1 /* Font+.swift in Sources */ = {isa = PBXBuildFile; fileRef = AB2AC2272A5F922F00B162E1 /* Font+.swift */; };
		AB6C7B7D2A6DD56600CD5D68 /* CalendarManager.swift in Sources */ = {isa = PBXBuildFile; fileRef = AB6C7B7C2A6DD56600CD5D68 /* CalendarManager.swift */; };
		AB96A0AB2A66E4DF004C01FF /* TodayDiptychViewModel.swift in Sources */ = {isa = PBXBuildFile; fileRef = AB96A0AA2A66E4DF004C01FF /* TodayDiptychViewModel.swift */; };
		ABB613252A77D5A90063107E /* VisualEffectView.swift in Sources */ = {isa = PBXBuildFile; fileRef = ABB613242A77D5A90063107E /* VisualEffectView.swift */; };
		ABC6DAFB2A784E0E000FE73A /* DiptychCompleteAlertView.swift in Sources */ = {isa = PBXBuildFile; fileRef = ABC6DAFA2A784E0E000FE73A /* DiptychCompleteAlertView.swift */; };
		ABC6DAFD2A797465000FE73A /* DiptychCompleteAlertObject.swift in Sources */ = {isa = PBXBuildFile; fileRef = ABC6DAFC2A797465000FE73A /* DiptychCompleteAlertObject.swift */; };
		ABCB300B2A6D366A007724DC /* Content.swift in Sources */ = {isa = PBXBuildFile; fileRef = ABCB300A2A6D366A007724DC /* Content.swift */; };
		ABCB300D2A6D367F007724DC /* Photo.swift in Sources */ = {isa = PBXBuildFile; fileRef = ABCB300C2A6D367F007724DC /* Photo.swift */; };
		ABCB300F2A6D368D007724DC /* WeeklyData.swift in Sources */ = {isa = PBXBuildFile; fileRef = ABCB300E2A6D368D007724DC /* WeeklyData.swift */; };
		ABFA53B42A5F95E700298F3B /* Images.xcassets in Resources */ = {isa = PBXBuildFile; fileRef = ABFA53B32A5F95E700298F3B /* Images.xcassets */; };
		ABFA53B62A5F95FE00298F3B /* Colors.xcassets in Resources */ = {isa = PBXBuildFile; fileRef = ABFA53B52A5F95FE00298F3B /* Colors.xcassets */; };
		ABFF9DA02A60482E008BF1BC /* WeeklyCalenderView.swift in Sources */ = {isa = PBXBuildFile; fileRef = ABFF9D9F2A60482E008BF1BC /* WeeklyCalenderView.swift */; };
		C1F79A4E2A700E9500A1D63A /* ShareSheetView.swift in Sources */ = {isa = PBXBuildFile; fileRef = C1F79A4D2A700E9500A1D63A /* ShareSheetView.swift */; };
		F316E8CA2A6DBA98003CBD4D /* ExampleCode.swift in Sources */ = {isa = PBXBuildFile; fileRef = F316E8C92A6DBA98003CBD4D /* ExampleCode.swift */; };
		F3263A932A6543F700B4581C /* ArchiveTabView.swift in Sources */ = {isa = PBXBuildFile; fileRef = F3263A922A6543F700B4581C /* ArchiveTabView.swift */; };
		F3263A972A65448400B4581C /* CalendarView.swift in Sources */ = {isa = PBXBuildFile; fileRef = F3263A962A65448400B4581C /* CalendarView.swift */; };
		F3263A992A6544AA00B4581C /* CalendarScrollView.swift in Sources */ = {isa = PBXBuildFile; fileRef = F3263A982A6544AA00B4581C /* CalendarScrollView.swift */; };
		F3263A9E2A65B6AE00B4581C /* QuestionListView.swift in Sources */ = {isa = PBXBuildFile; fileRef = F3263A9D2A65B6AE00B4581C /* QuestionListView.swift */; };
		F3263AA22A667AA200B4581C /* PhotoDetailView.swift in Sources */ = {isa = PBXBuildFile; fileRef = F3263AA12A667AA200B4581C /* PhotoDetailView.swift */; };
		F3263AB62A691C4400B4581C /* DiptychTabView.swift in Sources */ = {isa = PBXBuildFile; fileRef = F3263AB52A691C4400B4581C /* DiptychTabView.swift */; };
		F33434F12A70393100389FF3 /* ArchiveViewModel.swift in Sources */ = {isa = PBXBuildFile; fileRef = F33434F02A70393100389FF3 /* ArchiveViewModel.swift */; };
		F35ADA542A6DA53C00A510E7 /* CellView.swift in Sources */ = {isa = PBXBuildFile; fileRef = F35ADA532A6DA53C00A510E7 /* CellView.swift */; };
/* End PBXBuildFile section */

/* Begin PBXContainerItemProxy section */
		AB2A9EB12A5EC46300D70C33 /* PBXContainerItemProxy */ = {
			isa = PBXContainerItemProxy;
			containerPortal = AB2A9E982A5EC46100D70C33 /* Project object */;
			proxyType = 1;
			remoteGlobalIDString = AB2A9E9F2A5EC46100D70C33;
			remoteInfo = Diptych;
		};
		AB2A9EBB2A5EC46300D70C33 /* PBXContainerItemProxy */ = {
			isa = PBXContainerItemProxy;
			containerPortal = AB2A9E982A5EC46100D70C33 /* Project object */;
			proxyType = 1;
			remoteGlobalIDString = AB2A9E9F2A5EC46100D70C33;
			remoteInfo = Diptych;
		};
/* End PBXContainerItemProxy section */

/* Begin PBXFileReference section */
		445A47AE2A5FD6B6005573DC /* AlbumListView.swift */ = {isa = PBXFileReference; lastKnownFileType = sourcecode.swift; path = AlbumListView.swift; sourceTree = "<group>"; };
		44671A202A6BE3D000C9C99A /* FirebaseMananger.swift */ = {isa = PBXFileReference; lastKnownFileType = sourcecode.swift; path = FirebaseMananger.swift; sourceTree = "<group>"; };
		447E05002A79549E005AACE7 /* ImageCacheManager.swift */ = {isa = PBXFileReference; fileEncoding = 4; lastKnownFileType = sourcecode.swift; path = ImageCacheManager.swift; sourceTree = "<group>"; };
		44852D2E2A6FBA430074D3D4 /* LottieUIViews.swift */ = {isa = PBXFileReference; lastKnownFileType = sourcecode.swift; path = LottieUIViews.swift; sourceTree = "<group>"; };
		44852D302A6FBC120074D3D4 /* LoadingLottie.json */ = {isa = PBXFileReference; fileEncoding = 4; lastKnownFileType = text.json; path = LoadingLottie.json; sourceTree = "<group>"; };
		44852D322A7012590074D3D4 /* UIColor+.swift */ = {isa = PBXFileReference; lastKnownFileType = sourcecode.swift; path = "UIColor+.swift"; sourceTree = "<group>"; };
		4498B2352A6D37E00069F54A /* CameraViewModel.swift */ = {isa = PBXFileReference; lastKnownFileType = sourcecode.swift; path = CameraViewModel.swift; sourceTree = "<group>"; };
		44CE81962A7430A800D1420E /* BlurPopupUIView.swift */ = {isa = PBXFileReference; lastKnownFileType = sourcecode.swift; path = BlurPopupUIView.swift; sourceTree = "<group>"; };
		44DE9B8D2A67DC2100E6615B /* UIDevice+.swift */ = {isa = PBXFileReference; lastKnownFileType = sourcecode.swift; path = "UIDevice+.swift"; sourceTree = "<group>"; };
		44DE9B8F2A67DC3B00E6615B /* UIImage+.swift */ = {isa = PBXFileReference; lastKnownFileType = sourcecode.swift; path = "UIImage+.swift"; sourceTree = "<group>"; };
		44DE9B912A67DC6500E6615B /* CameraRepresentableView.swift */ = {isa = PBXFileReference; lastKnownFileType = sourcecode.swift; path = CameraRepresentableView.swift; sourceTree = "<group>"; };
		44DE9B942A67DCA000E6615B /* CameraViewController.swift */ = {isa = PBXFileReference; lastKnownFileType = sourcecode.swift; path = CameraViewController.swift; sourceTree = "<group>"; };
		44DE9B962A67DCDD00E6615B /* TransformImageBasedOnContainerView.swift */ = {isa = PBXFileReference; lastKnownFileType = sourcecode.swift; path = TransformImageBasedOnContainerView.swift; sourceTree = "<group>"; };
		44DE9B982A67E8C000E6615B /* CameraStoryboard.storyboard */ = {isa = PBXFileReference; lastKnownFileType = file.storyboard; path = CameraStoryboard.storyboard; sourceTree = "<group>"; };
		44EE2BFA2A6E6EF5003B5C1F /* Image+.swift */ = {isa = PBXFileReference; lastKnownFileType = sourcecode.swift; path = "Image+.swift"; sourceTree = "<group>"; };
		44EE2BFC2A6E8AAB003B5C1F /* ImageSize.swift */ = {isa = PBXFileReference; lastKnownFileType = sourcecode.swift; path = ImageSize.swift; sourceTree = "<group>"; };
		9846144A2A69075E0043EAE9 /* ProfileSettingView.swift */ = {isa = PBXFileReference; lastKnownFileType = sourcecode.swift; path = ProfileSettingView.swift; sourceTree = "<group>"; };
		9854E6FD2A7A0948009442B0 /* GoogleService-Info-2.plist */ = {isa = PBXFileReference; fileEncoding = 4; lastKnownFileType = text.plist.xml; path = "GoogleService-Info-2.plist"; sourceTree = "<group>"; };
		985DBC1D2A699DAA006C64FC /* LoadingVerificationView.swift */ = {isa = PBXFileReference; lastKnownFileType = sourcecode.swift; path = LoadingVerificationView.swift; sourceTree = "<group>"; };
		987E425B2A5FE17F00C682D9 /* LogInView.swift */ = {isa = PBXFileReference; lastKnownFileType = sourcecode.swift; path = LogInView.swift; sourceTree = "<group>"; };
		987E425F2A627A2B00C682D9 /* Diptych.entitlements */ = {isa = PBXFileReference; lastKnownFileType = text.plist.entitlements; path = Diptych.entitlements; sourceTree = "<group>"; };
		988A277E2A72351900A9B5C0 /* SecureInputView.swift */ = {isa = PBXFileReference; lastKnownFileType = sourcecode.swift; path = SecureInputView.swift; sourceTree = "<group>"; };
		989B44932A65752100D99439 /* CouplingView.swift */ = {isa = PBXFileReference; lastKnownFileType = sourcecode.swift; path = CouplingView.swift; sourceTree = "<group>"; };
		989B44992A65BB9200D99439 /* DiptychUser.swift */ = {isa = PBXFileReference; lastKnownFileType = sourcecode.swift; name = DiptychUser.swift; path = ../../User/Model/DiptychUser.swift; sourceTree = "<group>"; };
		989DFFDD2A5FD65F00EBBC12 /* GoogleService-Info.plist */ = {isa = PBXFileReference; fileEncoding = 4; lastKnownFileType = text.plist.xml; path = "GoogleService-Info.plist"; sourceTree = "<group>"; };
		989DFFDF2A5FD75A00EBBC12 /* SignUpView.swift */ = {isa = PBXFileReference; lastKnownFileType = sourcecode.swift; path = SignUpView.swift; sourceTree = "<group>"; };
		989DFFE42A5FDC4B00EBBC12 /* OnBoardingView.swift */ = {isa = PBXFileReference; lastKnownFileType = sourcecode.swift; path = OnBoardingView.swift; sourceTree = "<group>"; };
		98A8E82A2A691938005DF658 /* UserViewModel.swift */ = {isa = PBXFileReference; lastKnownFileType = sourcecode.swift; path = UserViewModel.swift; sourceTree = "<group>"; };
		98D4A0832A6A625200EB8C94 /* Date+.swift */ = {isa = PBXFileReference; lastKnownFileType = sourcecode.swift; path = "Date+.swift"; sourceTree = "<group>"; };
		98D4A0852A6E3E7D00EB8C94 /* DiptychAlbum.swift */ = {isa = PBXFileReference; lastKnownFileType = sourcecode.swift; path = DiptychAlbum.swift; sourceTree = "<group>"; };
		98D4A08A2A6E6E1E00EB8C94 /* DiptychSplashLogo.json */ = {isa = PBXFileReference; fileEncoding = 4; lastKnownFileType = text.json; path = DiptychSplashLogo.json; sourceTree = "<group>"; };
		98D4A08C2A6E6EF100EB8C94 /* LottieView.swift */ = {isa = PBXFileReference; lastKnownFileType = sourcecode.swift; path = LottieView.swift; sourceTree = "<group>"; };
		98EEBEC72A6FA87100F575ED /* DiptychSplashLogo3sec.json */ = {isa = PBXFileReference; fileEncoding = 4; lastKnownFileType = text.json; path = DiptychSplashLogo3sec.json; sourceTree = "<group>"; };
		AB2A9EA02A5EC46100D70C33 /* Diptych.app */ = {isa = PBXFileReference; explicitFileType = wrapper.application; includeInIndex = 0; path = Diptych.app; sourceTree = BUILT_PRODUCTS_DIR; };
		AB2A9EA32A5EC46100D70C33 /* DiptychApp.swift */ = {isa = PBXFileReference; lastKnownFileType = sourcecode.swift; path = DiptychApp.swift; sourceTree = "<group>"; };
		AB2A9EA72A5EC46200D70C33 /* Assets.xcassets */ = {isa = PBXFileReference; lastKnownFileType = folder.assetcatalog; path = Assets.xcassets; sourceTree = "<group>"; };
		AB2A9EAA2A5EC46200D70C33 /* Preview Assets.xcassets */ = {isa = PBXFileReference; lastKnownFileType = folder.assetcatalog; path = "Preview Assets.xcassets"; sourceTree = "<group>"; };
		AB2A9EB02A5EC46200D70C33 /* DiptychTests.xctest */ = {isa = PBXFileReference; explicitFileType = wrapper.cfbundle; includeInIndex = 0; path = DiptychTests.xctest; sourceTree = BUILT_PRODUCTS_DIR; };
		AB2A9EB42A5EC46300D70C33 /* DiptychTests.swift */ = {isa = PBXFileReference; lastKnownFileType = sourcecode.swift; path = DiptychTests.swift; sourceTree = "<group>"; };
		AB2A9EBA2A5EC46300D70C33 /* DiptychUITests.xctest */ = {isa = PBXFileReference; explicitFileType = wrapper.cfbundle; includeInIndex = 0; path = DiptychUITests.xctest; sourceTree = BUILT_PRODUCTS_DIR; };
		AB2A9EBE2A5EC46300D70C33 /* DiptychUITests.swift */ = {isa = PBXFileReference; lastKnownFileType = sourcecode.swift; path = DiptychUITests.swift; sourceTree = "<group>"; };
		AB2A9EC02A5EC46300D70C33 /* DiptychUITestsLaunchTests.swift */ = {isa = PBXFileReference; lastKnownFileType = sourcecode.swift; path = DiptychUITestsLaunchTests.swift; sourceTree = "<group>"; };
		AB2AC1EC2A5F093B00B162E1 /* TodayDiptychView.swift */ = {isa = PBXFileReference; lastKnownFileType = sourcecode.swift; path = TodayDiptychView.swift; sourceTree = "<group>"; };
		AB2AC1F22A5F097400B162E1 /* ProfileView.swift */ = {isa = PBXFileReference; lastKnownFileType = sourcecode.swift; path = ProfileView.swift; sourceTree = "<group>"; };
		AB2AC1F42A5F15A100B162E1 /* Color+.swift */ = {isa = PBXFileReference; lastKnownFileType = sourcecode.swift; path = "Color+.swift"; sourceTree = "<group>"; };
		AB2AC1F72A5F27FF00B162E1 /* Pretendard-ExtraBold.otf */ = {isa = PBXFileReference; lastKnownFileType = file; path = "Pretendard-ExtraBold.otf"; sourceTree = "<group>"; };
		AB2AC1F82A5F27FF00B162E1 /* Pretendard-Black.otf */ = {isa = PBXFileReference; lastKnownFileType = file; path = "Pretendard-Black.otf"; sourceTree = "<group>"; };
		AB2AC1F92A5F27FF00B162E1 /* Pretendard-SemiBold.otf */ = {isa = PBXFileReference; lastKnownFileType = file; path = "Pretendard-SemiBold.otf"; sourceTree = "<group>"; };
		AB2AC1FA2A5F27FF00B162E1 /* Pretendard-Thin.otf */ = {isa = PBXFileReference; lastKnownFileType = file; path = "Pretendard-Thin.otf"; sourceTree = "<group>"; };
		AB2AC1FB2A5F27FF00B162E1 /* Pretendard-Bold.otf */ = {isa = PBXFileReference; lastKnownFileType = file; path = "Pretendard-Bold.otf"; sourceTree = "<group>"; };
		AB2AC1FC2A5F27FF00B162E1 /* Pretendard-Light.otf */ = {isa = PBXFileReference; lastKnownFileType = file; path = "Pretendard-Light.otf"; sourceTree = "<group>"; };
		AB2AC1FD2A5F27FF00B162E1 /* Pretendard-Regular.otf */ = {isa = PBXFileReference; lastKnownFileType = file; path = "Pretendard-Regular.otf"; sourceTree = "<group>"; };
		AB2AC1FE2A5F27FF00B162E1 /* Pretendard-Medium.otf */ = {isa = PBXFileReference; lastKnownFileType = file; path = "Pretendard-Medium.otf"; sourceTree = "<group>"; };
		AB2AC1FF2A5F280000B162E1 /* Pretendard-ExtraLight.otf */ = {isa = PBXFileReference; lastKnownFileType = file; path = "Pretendard-ExtraLight.otf"; sourceTree = "<group>"; };
		AB2AC21B2A5F282A00B162E1 /* Info.plist */ = {isa = PBXFileReference; lastKnownFileType = text.plist; path = Info.plist; sourceTree = "<group>"; };
		AB2AC2222A5F8E8700B162E1 /* PretendardType.swift */ = {isa = PBXFileReference; lastKnownFileType = sourcecode.swift; path = PretendardType.swift; sourceTree = "<group>"; };
		AB2AC2272A5F922F00B162E1 /* Font+.swift */ = {isa = PBXFileReference; lastKnownFileType = sourcecode.swift; path = "Font+.swift"; sourceTree = "<group>"; };
		AB6C7B7C2A6DD56600CD5D68 /* CalendarManager.swift */ = {isa = PBXFileReference; lastKnownFileType = sourcecode.swift; path = CalendarManager.swift; sourceTree = "<group>"; };
		AB96A0AA2A66E4DF004C01FF /* TodayDiptychViewModel.swift */ = {isa = PBXFileReference; lastKnownFileType = sourcecode.swift; path = TodayDiptychViewModel.swift; sourceTree = "<group>"; };
		ABB613242A77D5A90063107E /* VisualEffectView.swift */ = {isa = PBXFileReference; lastKnownFileType = sourcecode.swift; path = VisualEffectView.swift; sourceTree = "<group>"; };
		ABC6DAFA2A784E0E000FE73A /* DiptychCompleteAlertView.swift */ = {isa = PBXFileReference; lastKnownFileType = sourcecode.swift; path = DiptychCompleteAlertView.swift; sourceTree = "<group>"; };
		ABC6DAFC2A797465000FE73A /* DiptychCompleteAlertObject.swift */ = {isa = PBXFileReference; lastKnownFileType = sourcecode.swift; path = DiptychCompleteAlertObject.swift; sourceTree = "<group>"; };
		ABCB300A2A6D366A007724DC /* Content.swift */ = {isa = PBXFileReference; lastKnownFileType = sourcecode.swift; path = Content.swift; sourceTree = "<group>"; };
		ABCB300C2A6D367F007724DC /* Photo.swift */ = {isa = PBXFileReference; lastKnownFileType = sourcecode.swift; path = Photo.swift; sourceTree = "<group>"; };
		ABCB300E2A6D368D007724DC /* WeeklyData.swift */ = {isa = PBXFileReference; lastKnownFileType = sourcecode.swift; path = WeeklyData.swift; sourceTree = "<group>"; };
		ABFA53B32A5F95E700298F3B /* Images.xcassets */ = {isa = PBXFileReference; lastKnownFileType = folder.assetcatalog; path = Images.xcassets; sourceTree = "<group>"; };
		ABFA53B52A5F95FE00298F3B /* Colors.xcassets */ = {isa = PBXFileReference; lastKnownFileType = folder.assetcatalog; path = Colors.xcassets; sourceTree = "<group>"; };
		ABFF9D9F2A60482E008BF1BC /* WeeklyCalenderView.swift */ = {isa = PBXFileReference; lastKnownFileType = sourcecode.swift; path = WeeklyCalenderView.swift; sourceTree = "<group>"; };
		C1F79A4D2A700E9500A1D63A /* ShareSheetView.swift */ = {isa = PBXFileReference; lastKnownFileType = sourcecode.swift; path = ShareSheetView.swift; sourceTree = "<group>"; };
		F316E8C92A6DBA98003CBD4D /* ExampleCode.swift */ = {isa = PBXFileReference; lastKnownFileType = sourcecode.swift; path = ExampleCode.swift; sourceTree = "<group>"; };
		F3263A922A6543F700B4581C /* ArchiveTabView.swift */ = {isa = PBXFileReference; lastKnownFileType = sourcecode.swift; path = ArchiveTabView.swift; sourceTree = "<group>"; };
		F3263A962A65448400B4581C /* CalendarView.swift */ = {isa = PBXFileReference; lastKnownFileType = sourcecode.swift; path = CalendarView.swift; sourceTree = "<group>"; };
		F3263A982A6544AA00B4581C /* CalendarScrollView.swift */ = {isa = PBXFileReference; lastKnownFileType = sourcecode.swift; path = CalendarScrollView.swift; sourceTree = "<group>"; };
		F3263A9D2A65B6AE00B4581C /* QuestionListView.swift */ = {isa = PBXFileReference; lastKnownFileType = sourcecode.swift; path = QuestionListView.swift; sourceTree = "<group>"; };
		F3263AA12A667AA200B4581C /* PhotoDetailView.swift */ = {isa = PBXFileReference; lastKnownFileType = sourcecode.swift; path = PhotoDetailView.swift; sourceTree = "<group>"; };
		F3263AB52A691C4400B4581C /* DiptychTabView.swift */ = {isa = PBXFileReference; lastKnownFileType = sourcecode.swift; path = DiptychTabView.swift; sourceTree = "<group>"; };
		F33434F02A70393100389FF3 /* ArchiveViewModel.swift */ = {isa = PBXFileReference; lastKnownFileType = sourcecode.swift; path = ArchiveViewModel.swift; sourceTree = "<group>"; };
		F35ADA532A6DA53C00A510E7 /* CellView.swift */ = {isa = PBXFileReference; lastKnownFileType = sourcecode.swift; path = CellView.swift; sourceTree = "<group>"; };
/* End PBXFileReference section */

/* Begin PBXFrameworksBuildPhase section */
		AB2A9E9D2A5EC46100D70C33 /* Frameworks */ = {
			isa = PBXFrameworksBuildPhase;
			buildActionMask = 2147483647;
			files = (
				98D44DD72A72D97D005B9E99 /* FirebaseDatabaseSwift in Frameworks */,
				98D44DD12A72D97D005B9E99 /* FirebaseAnalytics in Frameworks */,
				98D44DD32A72D97D005B9E99 /* FirebaseAuth in Frameworks */,
				98D44DDB2A72D97D005B9E99 /* FirebaseFirestoreSwift in Frameworks */,
				98D44DD52A72D97D005B9E99 /* FirebaseDatabase in Frameworks */,
				98D44DDD2A72D97D005B9E99 /* FirebaseStorage in Frameworks */,
				98D4A0892A6E6AAB00EB8C94 /* Lottie in Frameworks */,
				98D44DD92A72D97D005B9E99 /* FirebaseFirestore in Frameworks */,
			);
			runOnlyForDeploymentPostprocessing = 0;
		};
		AB2A9EAD2A5EC46200D70C33 /* Frameworks */ = {
			isa = PBXFrameworksBuildPhase;
			buildActionMask = 2147483647;
			files = (
			);
			runOnlyForDeploymentPostprocessing = 0;
		};
		AB2A9EB72A5EC46300D70C33 /* Frameworks */ = {
			isa = PBXFrameworksBuildPhase;
			buildActionMask = 2147483647;
			files = (
			);
			runOnlyForDeploymentPostprocessing = 0;
		};
/* End PBXFrameworksBuildPhase section */

/* Begin PBXGroup section */
		44DE9B932A67DC8100E6615B /* ViewController */ = {
			isa = PBXGroup;
			children = (
				44DE9B942A67DCA000E6615B /* CameraViewController.swift */,
				44DE9B982A67E8C000E6615B /* CameraStoryboard.storyboard */,
				44CE81962A7430A800D1420E /* BlurPopupUIView.swift */,
			);
			path = ViewController;
			sourceTree = "<group>";
		};
		989B44952A65977200D99439 /* Frameworks */ = {
			isa = PBXGroup;
			children = (
			);
			name = Frameworks;
			sourceTree = "<group>";
		};
		989DFFE32A5FDC3A00EBBC12 /* OnBoarding */ = {
			isa = PBXGroup;
			children = (
				AB96FE662A89648900382FD9 /* View */,
			);
			path = OnBoarding;
			sourceTree = "<group>";
		};
		98A8E8292A69192D005DF658 /* Auth */ = {
			isa = PBXGroup;
			children = (
				AB96FE652A89646000382FD9 /* Model */,
				AB96FE642A89642D00382FD9 /* View */,
				AB96FE632A89640B00382FD9 /* ViewModel */,
			);
			path = Auth;
			sourceTree = "<group>";
		};
		AB2A9E972A5EC46100D70C33 = {
			isa = PBXGroup;
			children = (
				989DFFDD2A5FD65F00EBBC12 /* GoogleService-Info.plist */,
				9854E6FD2A7A0948009442B0 /* GoogleService-Info-2.plist */,
				AB2A9EA22A5EC46100D70C33 /* Diptych */,
				AB2A9EB32A5EC46300D70C33 /* DiptychTests */,
				AB2A9EBD2A5EC46300D70C33 /* DiptychUITests */,
				AB2A9EA12A5EC46100D70C33 /* Products */,
				989B44952A65977200D99439 /* Frameworks */,
			);
			sourceTree = "<group>";
		};
		AB2A9EA12A5EC46100D70C33 /* Products */ = {
			isa = PBXGroup;
			children = (
				AB2A9EA02A5EC46100D70C33 /* Diptych.app */,
				AB2A9EB02A5EC46200D70C33 /* DiptychTests.xctest */,
				AB2A9EBA2A5EC46300D70C33 /* DiptychUITests.xctest */,
			);
			name = Products;
			sourceTree = "<group>";
		};
		AB2A9EA22A5EC46100D70C33 /* Diptych */ = {
			isa = PBXGroup;
			children = (
				ABFD3E7C2A5ED26E008678D0 /* Global */,
				ABFD3E8A2A5EDADB008678D0 /* Data */,
				ABFD3E7F2A5ED280008678D0 /* Resources */,
				ABFD3E822A5EDA35008678D0 /* Presentation */,
				AB2AC21C2A5F28DB00B162E1 /* Util */,
				AB2A9EA92A5EC46200D70C33 /* Preview Content */,
				987E425F2A627A2B00C682D9 /* Diptych.entitlements */,
				AB2A9EA32A5EC46100D70C33 /* DiptychApp.swift */,
				AB2AC21B2A5F282A00B162E1 /* Info.plist */,
			);
			path = Diptych;
			sourceTree = "<group>";
		};
		AB2A9EA92A5EC46200D70C33 /* Preview Content */ = {
			isa = PBXGroup;
			children = (
				AB2A9EAA2A5EC46200D70C33 /* Preview Assets.xcassets */,
			);
			path = "Preview Content";
			sourceTree = "<group>";
		};
		AB2A9EB32A5EC46300D70C33 /* DiptychTests */ = {
			isa = PBXGroup;
			children = (
				AB2A9EB42A5EC46300D70C33 /* DiptychTests.swift */,
			);
			path = DiptychTests;
			sourceTree = "<group>";
		};
		AB2A9EBD2A5EC46300D70C33 /* DiptychUITests */ = {
			isa = PBXGroup;
			children = (
				AB2A9EBE2A5EC46300D70C33 /* DiptychUITests.swift */,
				AB2A9EC02A5EC46300D70C33 /* DiptychUITestsLaunchTests.swift */,
			);
			path = DiptychUITests;
			sourceTree = "<group>";
		};
		AB2AC1E92A5F091700B162E1 /* View */ = {
			isa = PBXGroup;
			children = (
				AB2AC1EC2A5F093B00B162E1 /* TodayDiptychView.swift */,
				ABFF9D9F2A60482E008BF1BC /* WeeklyCalenderView.swift */,
				ABC6DAFA2A784E0E000FE73A /* DiptychCompleteAlertView.swift */,
			);
			path = View;
			sourceTree = "<group>";
		};
		AB2AC1EE2A5F094600B162E1 /* View */ = {
			isa = PBXGroup;
			children = (
				F3263A922A6543F700B4581C /* ArchiveTabView.swift */,
				F3263AA12A667AA200B4581C /* PhotoDetailView.swift */,
				C1F79A4D2A700E9500A1D63A /* ShareSheetView.swift */,
				F3263A942A65441B00B4581C /* CalendarView */,
				F3263A952A65442700B4581C /* AlbumView */,
				F3263A9C2A65B66F00B4581C /* QuestionListView */,
			);
			path = View;
			sourceTree = "<group>";
		};
		AB2AC1F12A5F096200B162E1 /* View */ = {
			isa = PBXGroup;
			children = (
				AB2AC1F22A5F097400B162E1 /* ProfileView.swift */,
			);
			path = View;
			sourceTree = "<group>";
		};
		AB2AC1F62A5F277000B162E1 /* Font */ = {
			isa = PBXGroup;
			children = (
				AB2AC1F82A5F27FF00B162E1 /* Pretendard-Black.otf */,
				AB2AC1FB2A5F27FF00B162E1 /* Pretendard-Bold.otf */,
				AB2AC1F72A5F27FF00B162E1 /* Pretendard-ExtraBold.otf */,
				AB2AC1FF2A5F280000B162E1 /* Pretendard-ExtraLight.otf */,
				AB2AC1FC2A5F27FF00B162E1 /* Pretendard-Light.otf */,
				AB2AC1FE2A5F27FF00B162E1 /* Pretendard-Medium.otf */,
				AB2AC1FD2A5F27FF00B162E1 /* Pretendard-Regular.otf */,
				AB2AC1F92A5F27FF00B162E1 /* Pretendard-SemiBold.otf */,
				AB2AC1FA2A5F27FF00B162E1 /* Pretendard-Thin.otf */,
			);
			path = Font;
			sourceTree = "<group>";
		};
		AB2AC21C2A5F28DB00B162E1 /* Util */ = {
			isa = PBXGroup;
			children = (
				AB2AC21D2A5F28E900B162E1 /* NameSpace */,
			);
			path = Util;
			sourceTree = "<group>";
		};
		AB2AC21D2A5F28E900B162E1 /* NameSpace */ = {
			isa = PBXGroup;
			children = (
				AB2AC2222A5F8E8700B162E1 /* PretendardType.swift */,
			);
			path = NameSpace;
			sourceTree = "<group>";
		};
		AB6C7B7B2A6DCAFE00CD5D68 /* Manager */ = {
			isa = PBXGroup;
			children = (
				AB6C7B7C2A6DD56600CD5D68 /* CalendarManager.swift */,
				447E05002A79549E005AACE7 /* ImageCacheManager.swift */,
				44671A202A6BE3D000C9C99A /* FirebaseMananger.swift */,
			);
			path = Manager;
			sourceTree = "<group>";
		};
		AB96A0A92A66E4C8004C01FF /* ViewModel */ = {
			isa = PBXGroup;
			children = (
				AB96A0AA2A66E4DF004C01FF /* TodayDiptychViewModel.swift */,
				ABC6DAFC2A797465000FE73A /* DiptychCompleteAlertObject.swift */,
			);
			path = ViewModel;
			sourceTree = "<group>";
		};
		AB96FE632A89640B00382FD9 /* ViewModel */ = {
			isa = PBXGroup;
			children = (
				98A8E82A2A691938005DF658 /* UserViewModel.swift */,
			);
			path = ViewModel;
			sourceTree = "<group>";
		};
		AB96FE642A89642D00382FD9 /* View */ = {
			isa = PBXGroup;
			children = (
				AB96FE722A8968A000382FD9 /* Auth */,
				AB96FE742A8968CE00382FD9 /* Matching */,
			);
			path = View;
			sourceTree = "<group>";
		};
		AB96FE652A89646000382FD9 /* Model */ = {
			isa = PBXGroup;
			children = (
				989B44992A65BB9200D99439 /* DiptychUser.swift */,
				98D4A0852A6E3E7D00EB8C94 /* DiptychAlbum.swift */,
			);
			path = Model;
			sourceTree = "<group>";
		};
		AB96FE662A89648900382FD9 /* View */ = {
			isa = PBXGroup;
			children = (
				989DFFE42A5FDC4B00EBBC12 /* OnBoardingView.swift */,
			);
			path = View;
			sourceTree = "<group>";
		};
		AB96FE672A8964D900382FD9 /* Camera */ = {
			isa = PBXGroup;
			children = (
				AB96FE692A8964E500382FD9 /* View */,
				AB96FE6A2A8964E900382FD9 /* ViewModel */,
				44DE9B932A67DC8100E6615B /* ViewController */,
			);
			path = Camera;
			sourceTree = "<group>";
		};
		AB96FE692A8964E500382FD9 /* View */ = {
			isa = PBXGroup;
			children = (
				44DE9B912A67DC6500E6615B /* CameraRepresentableView.swift */,
				44DE9B962A67DCDD00E6615B /* TransformImageBasedOnContainerView.swift */,
			);
			path = View;
			sourceTree = "<group>";
		};
		AB96FE6A2A8964E900382FD9 /* ViewModel */ = {
			isa = PBXGroup;
			children = (
				4498B2352A6D37E00069F54A /* CameraViewModel.swift */,
			);
			path = ViewModel;
			sourceTree = "<group>";
		};
		AB96FE712A89682400382FD9 /* Lottie */ = {
			isa = PBXGroup;
			children = (
				98EEBEC72A6FA87100F575ED /* DiptychSplashLogo3sec.json */,
				98D4A08A2A6E6E1E00EB8C94 /* DiptychSplashLogo.json */,
				44852D302A6FBC120074D3D4 /* LoadingLottie.json */,
			);
			path = Lottie;
			sourceTree = "<group>";
		};
		AB96FE722A8968A000382FD9 /* Auth */ = {
			isa = PBXGroup;
			children = (
				988A277E2A72351900A9B5C0 /* SecureInputView.swift */,
				985DBC1D2A699DAA006C64FC /* LoadingVerificationView.swift */,
				987E425B2A5FE17F00C682D9 /* LogInView.swift */,
				989DFFDF2A5FD75A00EBBC12 /* SignUpView.swift */,
			);
			path = Auth;
			sourceTree = "<group>";
		};
		AB96FE742A8968CE00382FD9 /* Matching */ = {
			isa = PBXGroup;
			children = (
				989B44932A65752100D99439 /* CouplingView.swift */,
				9846144A2A69075E0043EAE9 /* ProfileSettingView.swift */,
			);
			path = Matching;
			sourceTree = "<group>";
		};
		ABCB30092A6D3661007724DC /* Model */ = {
			isa = PBXGroup;
			children = (
				ABCB300A2A6D366A007724DC /* Content.swift */,
				ABCB300C2A6D367F007724DC /* Photo.swift */,
				ABCB300E2A6D368D007724DC /* WeeklyData.swift */,
			);
			path = Model;
			sourceTree = "<group>";
		};
		ABFA53B22A5F95BB00298F3B /* AssetCatalog */ = {
			isa = PBXGroup;
			children = (
				AB2A9EA72A5EC46200D70C33 /* Assets.xcassets */,
				ABFA53B32A5F95E700298F3B /* Images.xcassets */,
				ABFA53B52A5F95FE00298F3B /* Colors.xcassets */,
			);
			path = AssetCatalog;
			sourceTree = "<group>";
		};
		ABFD3E7C2A5ED26E008678D0 /* Global */ = {
			isa = PBXGroup;
			children = (
				ABFD3E812A5ED981008678D0 /* Constant */,
				ABFD3E802A5ED976008678D0 /* Extension */,
			);
			path = Global;
			sourceTree = "<group>";
		};
		ABFD3E7F2A5ED280008678D0 /* Resources */ = {
			isa = PBXGroup;
			children = (
				AB96FE712A89682400382FD9 /* Lottie */,
				ABFA53B22A5F95BB00298F3B /* AssetCatalog */,
				AB2AC1F62A5F277000B162E1 /* Font */,
			);
			path = Resources;
			sourceTree = "<group>";
		};
		ABFD3E802A5ED976008678D0 /* Extension */ = {
			isa = PBXGroup;
			children = (
				AB2AC1F42A5F15A100B162E1 /* Color+.swift */,
				AB2AC2272A5F922F00B162E1 /* Font+.swift */,
				44DE9B8D2A67DC2100E6615B /* UIDevice+.swift */,
				44DE9B8F2A67DC3B00E6615B /* UIImage+.swift */,
				98D4A0832A6A625200EB8C94 /* Date+.swift */,
				44EE2BFA2A6E6EF5003B5C1F /* Image+.swift */,
				44852D322A7012590074D3D4 /* UIColor+.swift */,
			);
			path = Extension;
			sourceTree = "<group>";
		};
		ABFD3E812A5ED981008678D0 /* Constant */ = {
			isa = PBXGroup;
			children = (
				44EE2BFC2A6E8AAB003B5C1F /* ImageSize.swift */,
			);
			path = Constant;
			sourceTree = "<group>";
		};
		ABFD3E822A5EDA35008678D0 /* Presentation */ = {
			isa = PBXGroup;
			children = (
				ABFD3E832A5EDA4E008678D0 /* Common */,
				989DFFE32A5FDC3A00EBBC12 /* OnBoarding */,
				98A8E8292A69192D005DF658 /* Auth */,
				ABFD3E862A5EDA79008678D0 /* TodayDiptych */,
				AB96FE672A8964D900382FD9 /* Camera */,
				ABFD3E882A5EDAA4008678D0 /* Archive */,
				ABFD3E892A5EDAC0008678D0 /* Profile */,
			);
			path = Presentation;
			sourceTree = "<group>";
		};
		ABFD3E832A5EDA4E008678D0 /* Common */ = {
			isa = PBXGroup;
			children = (
				F3263AB52A691C4400B4581C /* DiptychTabView.swift */,
				44852D2E2A6FBA430074D3D4 /* LottieUIViews.swift */,
				ABB613242A77D5A90063107E /* VisualEffectView.swift */,
				98D4A08C2A6E6EF100EB8C94 /* LottieView.swift */,
			);
			path = Common;
			sourceTree = "<group>";
		};
		ABFD3E862A5EDA79008678D0 /* TodayDiptych */ = {
			isa = PBXGroup;
			children = (
				ABCB30092A6D3661007724DC /* Model */,
				AB2AC1E92A5F091700B162E1 /* View */,
				AB96A0A92A66E4C8004C01FF /* ViewModel */,
			);
			path = TodayDiptych;
			sourceTree = "<group>";
		};
		ABFD3E882A5EDAA4008678D0 /* Archive */ = {
			isa = PBXGroup;
			children = (
				F3263AA32A667D4F00B4581C /* ViewModel */,
				AB2AC1EE2A5F094600B162E1 /* View */,
			);
			path = Archive;
			sourceTree = "<group>";
		};
		ABFD3E892A5EDAC0008678D0 /* Profile */ = {
			isa = PBXGroup;
			children = (
				AB2AC1F12A5F096200B162E1 /* View */,
			);
			path = Profile;
			sourceTree = "<group>";
		};
		ABFD3E8A2A5EDADB008678D0 /* Data */ = {
			isa = PBXGroup;
			children = (
				AB6C7B7B2A6DCAFE00CD5D68 /* Manager */,
			);
			path = Data;
			sourceTree = "<group>";
		};
		F316E8C62A6DBA41003CBD4D /* CalendarTest */ = {
			isa = PBXGroup;
			children = (
				F316E8C92A6DBA98003CBD4D /* ExampleCode.swift */,
			);
			path = CalendarTest;
			sourceTree = "<group>";
		};
		F3263A942A65441B00B4581C /* CalendarView */ = {
			isa = PBXGroup;
			children = (
				F316E8C62A6DBA41003CBD4D /* CalendarTest */,
				F35ADA532A6DA53C00A510E7 /* CellView.swift */,
				F3263A962A65448400B4581C /* CalendarView.swift */,
				F3263A982A6544AA00B4581C /* CalendarScrollView.swift */,
			);
			path = CalendarView;
			sourceTree = "<group>";
		};
		F3263A952A65442700B4581C /* AlbumView */ = {
			isa = PBXGroup;
			children = (
				445A47AE2A5FD6B6005573DC /* AlbumListView.swift */,
			);
			path = AlbumView;
			sourceTree = "<group>";
		};
		F3263A9C2A65B66F00B4581C /* QuestionListView */ = {
			isa = PBXGroup;
			children = (
				F3263A9D2A65B6AE00B4581C /* QuestionListView.swift */,
			);
			path = QuestionListView;
			sourceTree = "<group>";
		};
		F3263AA32A667D4F00B4581C /* ViewModel */ = {
			isa = PBXGroup;
			children = (
				F33434F02A70393100389FF3 /* ArchiveViewModel.swift */,
			);
			path = ViewModel;
			sourceTree = "<group>";
		};
/* End PBXGroup section */

/* Begin PBXNativeTarget section */
		AB2A9E9F2A5EC46100D70C33 /* Diptych */ = {
			isa = PBXNativeTarget;
			buildConfigurationList = AB2A9EC42A5EC46300D70C33 /* Build configuration list for PBXNativeTarget "Diptych" */;
			buildPhases = (
				AB2A9E9C2A5EC46100D70C33 /* Sources */,
				AB2A9E9D2A5EC46100D70C33 /* Frameworks */,
				AB2A9E9E2A5EC46100D70C33 /* Resources */,
			);
			buildRules = (
			);
			dependencies = (
			);
			name = Diptych;
			packageProductDependencies = (
				98D4A0882A6E6AAB00EB8C94 /* Lottie */,
				98D44DD02A72D97D005B9E99 /* FirebaseAnalytics */,
				98D44DD22A72D97D005B9E99 /* FirebaseAuth */,
				98D44DD42A72D97D005B9E99 /* FirebaseDatabase */,
				98D44DD62A72D97D005B9E99 /* FirebaseDatabaseSwift */,
				98D44DD82A72D97D005B9E99 /* FirebaseFirestore */,
				98D44DDA2A72D97D005B9E99 /* FirebaseFirestoreSwift */,
				98D44DDC2A72D97D005B9E99 /* FirebaseStorage */,
			);
			productName = Diptych;
			productReference = AB2A9EA02A5EC46100D70C33 /* Diptych.app */;
			productType = "com.apple.product-type.application";
		};
		AB2A9EAF2A5EC46200D70C33 /* DiptychTests */ = {
			isa = PBXNativeTarget;
			buildConfigurationList = AB2A9EC72A5EC46300D70C33 /* Build configuration list for PBXNativeTarget "DiptychTests" */;
			buildPhases = (
				AB2A9EAC2A5EC46200D70C33 /* Sources */,
				AB2A9EAD2A5EC46200D70C33 /* Frameworks */,
				AB2A9EAE2A5EC46200D70C33 /* Resources */,
			);
			buildRules = (
			);
			dependencies = (
				AB2A9EB22A5EC46300D70C33 /* PBXTargetDependency */,
			);
			name = DiptychTests;
			productName = DiptychTests;
			productReference = AB2A9EB02A5EC46200D70C33 /* DiptychTests.xctest */;
			productType = "com.apple.product-type.bundle.unit-test";
		};
		AB2A9EB92A5EC46300D70C33 /* DiptychUITests */ = {
			isa = PBXNativeTarget;
			buildConfigurationList = AB2A9ECA2A5EC46300D70C33 /* Build configuration list for PBXNativeTarget "DiptychUITests" */;
			buildPhases = (
				AB2A9EB62A5EC46300D70C33 /* Sources */,
				AB2A9EB72A5EC46300D70C33 /* Frameworks */,
				AB2A9EB82A5EC46300D70C33 /* Resources */,
			);
			buildRules = (
			);
			dependencies = (
				AB2A9EBC2A5EC46300D70C33 /* PBXTargetDependency */,
			);
			name = DiptychUITests;
			productName = DiptychUITests;
			productReference = AB2A9EBA2A5EC46300D70C33 /* DiptychUITests.xctest */;
			productType = "com.apple.product-type.bundle.ui-testing";
		};
/* End PBXNativeTarget section */

/* Begin PBXProject section */
		AB2A9E982A5EC46100D70C33 /* Project object */ = {
			isa = PBXProject;
			attributes = {
				BuildIndependentTargetsInParallel = 1;
				LastSwiftUpdateCheck = 1430;
				LastUpgradeCheck = 1430;
				TargetAttributes = {
					AB2A9E9F2A5EC46100D70C33 = {
						CreatedOnToolsVersion = 14.3;
					};
					AB2A9EAF2A5EC46200D70C33 = {
						CreatedOnToolsVersion = 14.3;
						TestTargetID = AB2A9E9F2A5EC46100D70C33;
					};
					AB2A9EB92A5EC46300D70C33 = {
						CreatedOnToolsVersion = 14.3;
						TestTargetID = AB2A9E9F2A5EC46100D70C33;
					};
				};
			};
			buildConfigurationList = AB2A9E9B2A5EC46100D70C33 /* Build configuration list for PBXProject "Diptych" */;
			compatibilityVersion = "Xcode 14.0";
			developmentRegion = en;
			hasScannedForEncodings = 0;
			knownRegions = (
				en,
				Base,
			);
			mainGroup = AB2A9E972A5EC46100D70C33;
			packageReferences = (
				98D4A0872A6E6AAB00EB8C94 /* XCRemoteSwiftPackageReference "lottie-ios" */,
				98D44DCF2A72D97D005B9E99 /* XCRemoteSwiftPackageReference "firebase-ios-sdk" */,
			);
			productRefGroup = AB2A9EA12A5EC46100D70C33 /* Products */;
			projectDirPath = "";
			projectRoot = "";
			targets = (
				AB2A9E9F2A5EC46100D70C33 /* Diptych */,
				AB2A9EAF2A5EC46200D70C33 /* DiptychTests */,
				AB2A9EB92A5EC46300D70C33 /* DiptychUITests */,
			);
		};
/* End PBXProject section */

/* Begin PBXResourcesBuildPhase section */
		AB2A9E9E2A5EC46100D70C33 /* Resources */ = {
			isa = PBXResourcesBuildPhase;
			buildActionMask = 2147483647;
			files = (
				44DE9B9A2A67EBD700E6615B /* CameraStoryboard.storyboard in Resources */,
				AB2A9EAB2A5EC46200D70C33 /* Preview Assets.xcassets in Resources */,
				AB2AC2152A5F280000B162E1 /* Pretendard-Medium.otf in Resources */,
				ABFA53B62A5F95FE00298F3B /* Colors.xcassets in Resources */,
				AB2AC20F2A5F280000B162E1 /* Pretendard-Light.otf in Resources */,
				AB2A9EA82A5EC46200D70C33 /* Assets.xcassets in Resources */,
				98EEBEC82A6FA87100F575ED /* DiptychSplashLogo3sec.json in Resources */,
				AB2AC20C2A5F280000B162E1 /* Pretendard-Bold.otf in Resources */,
				AB2AC2122A5F280000B162E1 /* Pretendard-Regular.otf in Resources */,
				AB2AC2062A5F280000B162E1 /* Pretendard-SemiBold.otf in Resources */,
				AB2AC2092A5F280000B162E1 /* Pretendard-Thin.otf in Resources */,
				AB2AC2032A5F280000B162E1 /* Pretendard-Black.otf in Resources */,
				AB2AC2002A5F280000B162E1 /* Pretendard-ExtraBold.otf in Resources */,
				ABFA53B42A5F95E700298F3B /* Images.xcassets in Resources */,
				9854E6FE2A7A0948009442B0 /* GoogleService-Info-2.plist in Resources */,
				AB2AC2182A5F280000B162E1 /* Pretendard-ExtraLight.otf in Resources */,
				98D4A08B2A6E6E1E00EB8C94 /* DiptychSplashLogo.json in Resources */,
				989DFFDE2A5FD65F00EBBC12 /* GoogleService-Info.plist in Resources */,
				44852D312A6FBC120074D3D4 /* LoadingLottie.json in Resources */,
			);
			runOnlyForDeploymentPostprocessing = 0;
		};
		AB2A9EAE2A5EC46200D70C33 /* Resources */ = {
			isa = PBXResourcesBuildPhase;
			buildActionMask = 2147483647;
			files = (
				AB2AC2192A5F280000B162E1 /* Pretendard-ExtraLight.otf in Resources */,
				AB2AC2072A5F280000B162E1 /* Pretendard-SemiBold.otf in Resources */,
				AB2AC20D2A5F280000B162E1 /* Pretendard-Bold.otf in Resources */,
				AB2AC2042A5F280000B162E1 /* Pretendard-Black.otf in Resources */,
				AB2AC2162A5F280000B162E1 /* Pretendard-Medium.otf in Resources */,
				AB2AC2012A5F280000B162E1 /* Pretendard-ExtraBold.otf in Resources */,
				AB2AC2132A5F280000B162E1 /* Pretendard-Regular.otf in Resources */,
				AB2AC20A2A5F280000B162E1 /* Pretendard-Thin.otf in Resources */,
				AB2AC2102A5F280000B162E1 /* Pretendard-Light.otf in Resources */,
			);
			runOnlyForDeploymentPostprocessing = 0;
		};
		AB2A9EB82A5EC46300D70C33 /* Resources */ = {
			isa = PBXResourcesBuildPhase;
			buildActionMask = 2147483647;
			files = (
				AB2AC21A2A5F280000B162E1 /* Pretendard-ExtraLight.otf in Resources */,
				AB2AC2082A5F280000B162E1 /* Pretendard-SemiBold.otf in Resources */,
				AB2AC20E2A5F280000B162E1 /* Pretendard-Bold.otf in Resources */,
				AB2AC2052A5F280000B162E1 /* Pretendard-Black.otf in Resources */,
				AB2AC2172A5F280000B162E1 /* Pretendard-Medium.otf in Resources */,
				AB2AC2022A5F280000B162E1 /* Pretendard-ExtraBold.otf in Resources */,
				AB2AC2142A5F280000B162E1 /* Pretendard-Regular.otf in Resources */,
				AB2AC20B2A5F280000B162E1 /* Pretendard-Thin.otf in Resources */,
				AB2AC2112A5F280000B162E1 /* Pretendard-Light.otf in Resources */,
			);
			runOnlyForDeploymentPostprocessing = 0;
		};
/* End PBXResourcesBuildPhase section */

/* Begin PBXSourcesBuildPhase section */
		AB2A9E9C2A5EC46100D70C33 /* Sources */ = {
			isa = PBXSourcesBuildPhase;
			buildActionMask = 2147483647;
			files = (
				AB2AC2282A5F922F00B162E1 /* Font+.swift in Sources */,
				F3263A972A65448400B4581C /* CalendarView.swift in Sources */,
				F3263A932A6543F700B4581C /* ArchiveTabView.swift in Sources */,
				F3263A9E2A65B6AE00B4581C /* QuestionListView.swift in Sources */,
				44DE9B952A67DCA000E6615B /* CameraViewController.swift in Sources */,
				98D4A0842A6A625200EB8C94 /* Date+.swift in Sources */,
				44DE9B972A67DCDD00E6615B /* TransformImageBasedOnContainerView.swift in Sources */,
				44852D2F2A6FBA430074D3D4 /* LottieUIViews.swift in Sources */,
				F3263AB62A691C4400B4581C /* DiptychTabView.swift in Sources */,
				F3263A992A6544AA00B4581C /* CalendarScrollView.swift in Sources */,
				98D4A0862A6E3E7D00EB8C94 /* DiptychAlbum.swift in Sources */,
				445A47AF2A5FD6B6005573DC /* AlbumListView.swift in Sources */,
				44CE81972A7430A800D1420E /* BlurPopupUIView.swift in Sources */,
				44852D332A7012590074D3D4 /* UIColor+.swift in Sources */,
				AB2AC2232A5F8E8700B162E1 /* PretendardType.swift in Sources */,
				989DFFE52A5FDC4B00EBBC12 /* OnBoardingView.swift in Sources */,
				AB96A0AB2A66E4DF004C01FF /* TodayDiptychViewModel.swift in Sources */,
				F35ADA542A6DA53C00A510E7 /* CellView.swift in Sources */,
				989B44942A65752100D99439 /* CouplingView.swift in Sources */,
				98A8E82B2A691938005DF658 /* UserViewModel.swift in Sources */,
				ABC6DAFB2A784E0E000FE73A /* DiptychCompleteAlertView.swift in Sources */,
				987E425C2A5FE17F00C682D9 /* LogInView.swift in Sources */,
				ABCB300B2A6D366A007724DC /* Content.swift in Sources */,
				44DE9B8E2A67DC2100E6615B /* UIDevice+.swift in Sources */,
				44EE2BFB2A6E6EF5003B5C1F /* Image+.swift in Sources */,
				C1F79A4E2A700E9500A1D63A /* ShareSheetView.swift in Sources */,
				988A277F2A72351900A9B5C0 /* SecureInputView.swift in Sources */,
				ABCB300D2A6D367F007724DC /* Photo.swift in Sources */,
				44DE9B922A67DC6500E6615B /* CameraRepresentableView.swift in Sources */,
				447E05012A79549F005AACE7 /* ImageCacheManager.swift in Sources */,
				AB2AC1F32A5F097400B162E1 /* ProfileView.swift in Sources */,
				4498B2362A6D37E00069F54A /* CameraViewModel.swift in Sources */,
				9846144B2A69075E0043EAE9 /* ProfileSettingView.swift in Sources */,
				ABB613252A77D5A90063107E /* VisualEffectView.swift in Sources */,
				AB2A9EA42A5EC46100D70C33 /* DiptychApp.swift in Sources */,
				44DE9B902A67DC3B00E6615B /* UIImage+.swift in Sources */,
				AB2AC1ED2A5F093B00B162E1 /* TodayDiptychView.swift in Sources */,
				44EE2BFD2A6E8AAB003B5C1F /* ImageSize.swift in Sources */,
				F316E8CA2A6DBA98003CBD4D /* ExampleCode.swift in Sources */,
				989DFFE02A5FD75A00EBBC12 /* SignUpView.swift in Sources */,
				44671A212A6BE3D000C9C99A /* FirebaseMananger.swift in Sources */,
				ABFF9DA02A60482E008BF1BC /* WeeklyCalenderView.swift in Sources */,
				AB6C7B7D2A6DD56600CD5D68 /* CalendarManager.swift in Sources */,
				AB2AC1F52A5F15A100B162E1 /* Color+.swift in Sources */,
				ABC6DAFD2A797465000FE73A /* DiptychCompleteAlertObject.swift in Sources */,
				985DBC1E2A699DAA006C64FC /* LoadingVerificationView.swift in Sources */,
				989B449A2A65BB9200D99439 /* DiptychUser.swift in Sources */,
				ABCB300F2A6D368D007724DC /* WeeklyData.swift in Sources */,
				F3263AA22A667AA200B4581C /* PhotoDetailView.swift in Sources */,
				F33434F12A70393100389FF3 /* ArchiveViewModel.swift in Sources */,
				98D4A08D2A6E6EF100EB8C94 /* LottieView.swift in Sources */,
			);
			runOnlyForDeploymentPostprocessing = 0;
		};
		AB2A9EAC2A5EC46200D70C33 /* Sources */ = {
			isa = PBXSourcesBuildPhase;
			buildActionMask = 2147483647;
			files = (
				AB2AC2292A5F922F00B162E1 /* Font+.swift in Sources */,
				AB2AC2242A5F8E8700B162E1 /* PretendardType.swift in Sources */,
				AB2A9EB52A5EC46300D70C33 /* DiptychTests.swift in Sources */,
			);
			runOnlyForDeploymentPostprocessing = 0;
		};
		AB2A9EB62A5EC46300D70C33 /* Sources */ = {
			isa = PBXSourcesBuildPhase;
			buildActionMask = 2147483647;
			files = (
				AB2AC22A2A5F922F00B162E1 /* Font+.swift in Sources */,
				AB2AC2252A5F8E8700B162E1 /* PretendardType.swift in Sources */,
				AB2A9EC12A5EC46300D70C33 /* DiptychUITestsLaunchTests.swift in Sources */,
				AB2A9EBF2A5EC46300D70C33 /* DiptychUITests.swift in Sources */,
			);
			runOnlyForDeploymentPostprocessing = 0;
		};
/* End PBXSourcesBuildPhase section */

/* Begin PBXTargetDependency section */
		AB2A9EB22A5EC46300D70C33 /* PBXTargetDependency */ = {
			isa = PBXTargetDependency;
			target = AB2A9E9F2A5EC46100D70C33 /* Diptych */;
			targetProxy = AB2A9EB12A5EC46300D70C33 /* PBXContainerItemProxy */;
		};
		AB2A9EBC2A5EC46300D70C33 /* PBXTargetDependency */ = {
			isa = PBXTargetDependency;
			target = AB2A9E9F2A5EC46100D70C33 /* Diptych */;
			targetProxy = AB2A9EBB2A5EC46300D70C33 /* PBXContainerItemProxy */;
		};
/* End PBXTargetDependency section */

/* Begin XCBuildConfiguration section */
		AB2A9EC22A5EC46300D70C33 /* Debug */ = {
			isa = XCBuildConfiguration;
			buildSettings = {
				ALWAYS_SEARCH_USER_PATHS = NO;
				CLANG_ANALYZER_NONNULL = YES;
				CLANG_ANALYZER_NUMBER_OBJECT_CONVERSION = YES_AGGRESSIVE;
				CLANG_CXX_LANGUAGE_STANDARD = "gnu++20";
				CLANG_ENABLE_MODULES = YES;
				CLANG_ENABLE_OBJC_ARC = YES;
				CLANG_ENABLE_OBJC_WEAK = YES;
				CLANG_WARN_BLOCK_CAPTURE_AUTORELEASING = YES;
				CLANG_WARN_BOOL_CONVERSION = YES;
				CLANG_WARN_COMMA = YES;
				CLANG_WARN_CONSTANT_CONVERSION = YES;
				CLANG_WARN_DEPRECATED_OBJC_IMPLEMENTATIONS = YES;
				CLANG_WARN_DIRECT_OBJC_ISA_USAGE = YES_ERROR;
				CLANG_WARN_DOCUMENTATION_COMMENTS = YES;
				CLANG_WARN_EMPTY_BODY = YES;
				CLANG_WARN_ENUM_CONVERSION = YES;
				CLANG_WARN_INFINITE_RECURSION = YES;
				CLANG_WARN_INT_CONVERSION = YES;
				CLANG_WARN_NON_LITERAL_NULL_CONVERSION = YES;
				CLANG_WARN_OBJC_IMPLICIT_RETAIN_SELF = YES;
				CLANG_WARN_OBJC_LITERAL_CONVERSION = YES;
				CLANG_WARN_OBJC_ROOT_CLASS = YES_ERROR;
				CLANG_WARN_QUOTED_INCLUDE_IN_FRAMEWORK_HEADER = YES;
				CLANG_WARN_RANGE_LOOP_ANALYSIS = YES;
				CLANG_WARN_STRICT_PROTOTYPES = YES;
				CLANG_WARN_SUSPICIOUS_MOVE = YES;
				CLANG_WARN_UNGUARDED_AVAILABILITY = YES_AGGRESSIVE;
				CLANG_WARN_UNREACHABLE_CODE = YES;
				CLANG_WARN__DUPLICATE_METHOD_MATCH = YES;
				COPY_PHASE_STRIP = NO;
				DEBUG_INFORMATION_FORMAT = dwarf;
				ENABLE_STRICT_OBJC_MSGSEND = YES;
				ENABLE_TESTABILITY = YES;
				GCC_C_LANGUAGE_STANDARD = gnu11;
				GCC_DYNAMIC_NO_PIC = NO;
				GCC_NO_COMMON_BLOCKS = YES;
				GCC_OPTIMIZATION_LEVEL = 0;
				GCC_PREPROCESSOR_DEFINITIONS = (
					"DEBUG=1",
					"$(inherited)",
				);
				GCC_WARN_64_TO_32_BIT_CONVERSION = YES;
				GCC_WARN_ABOUT_RETURN_TYPE = YES_ERROR;
				GCC_WARN_UNDECLARED_SELECTOR = YES;
				GCC_WARN_UNINITIALIZED_AUTOS = YES_AGGRESSIVE;
				GCC_WARN_UNUSED_FUNCTION = YES;
				GCC_WARN_UNUSED_VARIABLE = YES;
				IPHONEOS_DEPLOYMENT_TARGET = 15.0;
				MTL_ENABLE_DEBUG_INFO = INCLUDE_SOURCE;
				MTL_FAST_MATH = YES;
				ONLY_ACTIVE_ARCH = YES;
				SDKROOT = iphoneos;
				SWIFT_ACTIVE_COMPILATION_CONDITIONS = DEBUG;
				SWIFT_OPTIMIZATION_LEVEL = "-Onone";
			};
			name = Debug;
		};
		AB2A9EC32A5EC46300D70C33 /* Release */ = {
			isa = XCBuildConfiguration;
			buildSettings = {
				ALWAYS_SEARCH_USER_PATHS = NO;
				CLANG_ANALYZER_NONNULL = YES;
				CLANG_ANALYZER_NUMBER_OBJECT_CONVERSION = YES_AGGRESSIVE;
				CLANG_CXX_LANGUAGE_STANDARD = "gnu++20";
				CLANG_ENABLE_MODULES = YES;
				CLANG_ENABLE_OBJC_ARC = YES;
				CLANG_ENABLE_OBJC_WEAK = YES;
				CLANG_WARN_BLOCK_CAPTURE_AUTORELEASING = YES;
				CLANG_WARN_BOOL_CONVERSION = YES;
				CLANG_WARN_COMMA = YES;
				CLANG_WARN_CONSTANT_CONVERSION = YES;
				CLANG_WARN_DEPRECATED_OBJC_IMPLEMENTATIONS = YES;
				CLANG_WARN_DIRECT_OBJC_ISA_USAGE = YES_ERROR;
				CLANG_WARN_DOCUMENTATION_COMMENTS = YES;
				CLANG_WARN_EMPTY_BODY = YES;
				CLANG_WARN_ENUM_CONVERSION = YES;
				CLANG_WARN_INFINITE_RECURSION = YES;
				CLANG_WARN_INT_CONVERSION = YES;
				CLANG_WARN_NON_LITERAL_NULL_CONVERSION = YES;
				CLANG_WARN_OBJC_IMPLICIT_RETAIN_SELF = YES;
				CLANG_WARN_OBJC_LITERAL_CONVERSION = YES;
				CLANG_WARN_OBJC_ROOT_CLASS = YES_ERROR;
				CLANG_WARN_QUOTED_INCLUDE_IN_FRAMEWORK_HEADER = YES;
				CLANG_WARN_RANGE_LOOP_ANALYSIS = YES;
				CLANG_WARN_STRICT_PROTOTYPES = YES;
				CLANG_WARN_SUSPICIOUS_MOVE = YES;
				CLANG_WARN_UNGUARDED_AVAILABILITY = YES_AGGRESSIVE;
				CLANG_WARN_UNREACHABLE_CODE = YES;
				CLANG_WARN__DUPLICATE_METHOD_MATCH = YES;
				COPY_PHASE_STRIP = NO;
				DEBUG_INFORMATION_FORMAT = "dwarf-with-dsym";
				ENABLE_NS_ASSERTIONS = NO;
				ENABLE_STRICT_OBJC_MSGSEND = YES;
				GCC_C_LANGUAGE_STANDARD = gnu11;
				GCC_NO_COMMON_BLOCKS = YES;
				GCC_WARN_64_TO_32_BIT_CONVERSION = YES;
				GCC_WARN_ABOUT_RETURN_TYPE = YES_ERROR;
				GCC_WARN_UNDECLARED_SELECTOR = YES;
				GCC_WARN_UNINITIALIZED_AUTOS = YES_AGGRESSIVE;
				GCC_WARN_UNUSED_FUNCTION = YES;
				GCC_WARN_UNUSED_VARIABLE = YES;
				IPHONEOS_DEPLOYMENT_TARGET = 15.0;
				MTL_ENABLE_DEBUG_INFO = NO;
				MTL_FAST_MATH = YES;
				SDKROOT = iphoneos;
				SWIFT_COMPILATION_MODE = wholemodule;
				SWIFT_OPTIMIZATION_LEVEL = "-O";
				VALIDATE_PRODUCT = YES;
			};
			name = Release;
		};
		AB2A9EC52A5EC46300D70C33 /* Debug */ = {
			isa = XCBuildConfiguration;
			buildSettings = {
				ASSETCATALOG_COMPILER_APPICON_NAME = AppIcon;
				ASSETCATALOG_COMPILER_GLOBAL_ACCENT_COLOR_NAME = AccentColor;
				CODE_SIGN_ENTITLEMENTS = Diptych/Diptych.entitlements;
				CODE_SIGN_IDENTITY = "Apple Development";
				CODE_SIGN_STYLE = Automatic;
				CURRENT_PROJECT_VERSION = 1;
				DEVELOPMENT_ASSET_PATHS = "\"Diptych/Preview Content\"";
				DEVELOPMENT_TEAM = 578Q9VP5B4;
				ENABLE_PREVIEWS = YES;
				GENERATE_INFOPLIST_FILE = YES;
				INFOPLIST_FILE = Diptych/Info.plist;
				INFOPLIST_KEY_NSCameraUsageDescription = "사진을 찍으려면 카메라 권한 허용이 필요합니다.";
				INFOPLIST_KEY_NSPhotoLibraryUsageDescription = "사진을 저장하고 불러오려면 라이브러리 권한 접근 허용이 필요합니다.";
				INFOPLIST_KEY_UIApplicationSceneManifest_Generation = YES;
				INFOPLIST_KEY_UIApplicationSupportsIndirectInputEvents = YES;
				INFOPLIST_KEY_UILaunchScreen_Generation = YES;
				INFOPLIST_KEY_UISupportedInterfaceOrientations_iPad = "UIInterfaceOrientationPortrait UIInterfaceOrientationPortraitUpsideDown UIInterfaceOrientationLandscapeLeft UIInterfaceOrientationLandscapeRight";
				INFOPLIST_KEY_UISupportedInterfaceOrientations_iPhone = "UIInterfaceOrientationPortrait UIInterfaceOrientationLandscapeLeft UIInterfaceOrientationLandscapeRight";
				INFOPLIST_KEY_UIUserInterfaceStyle = Light;
				IPHONEOS_DEPLOYMENT_TARGET = 16.0;
				LD_RUNPATH_SEARCH_PATHS = (
					"$(inherited)",
					"@executable_path/Frameworks",
				);
				MARKETING_VERSION = 1.0;
				PRODUCT_BUNDLE_IDENTIFIER = min.Diptych.min;
				PRODUCT_NAME = "$(TARGET_NAME)";
				PROVISIONING_PROFILE_SPECIFIER = "";
				SWIFT_EMIT_LOC_STRINGS = YES;
				SWIFT_VERSION = 5.0;
				TARGETED_DEVICE_FAMILY = "1,2";
			};
			name = Debug;
		};
		AB2A9EC62A5EC46300D70C33 /* Release */ = {
			isa = XCBuildConfiguration;
			buildSettings = {
				ASSETCATALOG_COMPILER_APPICON_NAME = AppIcon;
				ASSETCATALOG_COMPILER_GLOBAL_ACCENT_COLOR_NAME = AccentColor;
				CODE_SIGN_ENTITLEMENTS = Diptych/Diptych.entitlements;
				CODE_SIGN_IDENTITY = "Apple Development";
				CODE_SIGN_STYLE = Automatic;
				CURRENT_PROJECT_VERSION = 1;
				DEVELOPMENT_ASSET_PATHS = "\"Diptych/Preview Content\"";
				DEVELOPMENT_TEAM = 6S2SA26VAN;
				ENABLE_PREVIEWS = YES;
				GENERATE_INFOPLIST_FILE = YES;
				INFOPLIST_FILE = Diptych/Info.plist;
				INFOPLIST_KEY_NSCameraUsageDescription = "사진을 찍으려면 카메라 권한 허용이 필요합니다.";
				INFOPLIST_KEY_NSPhotoLibraryUsageDescription = "사진을 저장하고 불러오려면 라이브러리 권한 접근 허용이 필요합니다.";
				INFOPLIST_KEY_UIApplicationSceneManifest_Generation = YES;
				INFOPLIST_KEY_UIApplicationSupportsIndirectInputEvents = YES;
				INFOPLIST_KEY_UILaunchScreen_Generation = YES;
				INFOPLIST_KEY_UISupportedInterfaceOrientations_iPad = "UIInterfaceOrientationPortrait UIInterfaceOrientationPortraitUpsideDown UIInterfaceOrientationLandscapeLeft UIInterfaceOrientationLandscapeRight";
				INFOPLIST_KEY_UISupportedInterfaceOrientations_iPhone = "UIInterfaceOrientationPortrait UIInterfaceOrientationLandscapeLeft UIInterfaceOrientationLandscapeRight";
				INFOPLIST_KEY_UIUserInterfaceStyle = Light;
				IPHONEOS_DEPLOYMENT_TARGET = 16.0;
				LD_RUNPATH_SEARCH_PATHS = (
					"$(inherited)",
					"@executable_path/Frameworks",
				);
				MARKETING_VERSION = 1.0;
				PRODUCT_BUNDLE_IDENTIFIER = min.Diptych.cliff;
				PRODUCT_NAME = "$(TARGET_NAME)";
				PROVISIONING_PROFILE_SPECIFIER = "";
				SWIFT_EMIT_LOC_STRINGS = YES;
				SWIFT_VERSION = 5.0;
				TARGETED_DEVICE_FAMILY = "1,2";
			};
			name = Release;
		};
		AB2A9EC82A5EC46300D70C33 /* Debug */ = {
			isa = XCBuildConfiguration;
			buildSettings = {
				ALWAYS_EMBED_SWIFT_STANDARD_LIBRARIES = YES;
				BUNDLE_LOADER = "$(TEST_HOST)";
				CODE_SIGN_STYLE = Automatic;
				CURRENT_PROJECT_VERSION = 1;
				DEVELOPMENT_TEAM = N3H5YNSQ64;
				GENERATE_INFOPLIST_FILE = YES;
				IPHONEOS_DEPLOYMENT_TARGET = 16.4;
				MARKETING_VERSION = 1.0;
				PRODUCT_BUNDLE_IDENTIFIER = min.DiptychTests;
				PRODUCT_NAME = "$(TARGET_NAME)";
				SWIFT_EMIT_LOC_STRINGS = NO;
				SWIFT_VERSION = 5.0;
				TARGETED_DEVICE_FAMILY = "1,2";
				TEST_HOST = "$(BUILT_PRODUCTS_DIR)/Diptych.app/$(BUNDLE_EXECUTABLE_FOLDER_PATH)/Diptych";
			};
			name = Debug;
		};
		AB2A9EC92A5EC46300D70C33 /* Release */ = {
			isa = XCBuildConfiguration;
			buildSettings = {
				ALWAYS_EMBED_SWIFT_STANDARD_LIBRARIES = YES;
				BUNDLE_LOADER = "$(TEST_HOST)";
				CODE_SIGN_STYLE = Automatic;
				CURRENT_PROJECT_VERSION = 1;
				DEVELOPMENT_TEAM = N3H5YNSQ64;
				GENERATE_INFOPLIST_FILE = YES;
				IPHONEOS_DEPLOYMENT_TARGET = 16.4;
				MARKETING_VERSION = 1.0;
				PRODUCT_BUNDLE_IDENTIFIER = min.DiptychTests;
				PRODUCT_NAME = "$(TARGET_NAME)";
				SWIFT_EMIT_LOC_STRINGS = NO;
				SWIFT_VERSION = 5.0;
				TARGETED_DEVICE_FAMILY = "1,2";
				TEST_HOST = "$(BUILT_PRODUCTS_DIR)/Diptych.app/$(BUNDLE_EXECUTABLE_FOLDER_PATH)/Diptych";
			};
			name = Release;
		};
		AB2A9ECB2A5EC46300D70C33 /* Debug */ = {
			isa = XCBuildConfiguration;
			buildSettings = {
				ALWAYS_EMBED_SWIFT_STANDARD_LIBRARIES = YES;
				CODE_SIGN_STYLE = Automatic;
				CURRENT_PROJECT_VERSION = 1;
				DEVELOPMENT_TEAM = N3H5YNSQ64;
				GENERATE_INFOPLIST_FILE = YES;
				MARKETING_VERSION = 1.0;
				PRODUCT_BUNDLE_IDENTIFIER = min.DiptychUITests;
				PRODUCT_NAME = "$(TARGET_NAME)";
				SWIFT_EMIT_LOC_STRINGS = NO;
				SWIFT_VERSION = 5.0;
				TARGETED_DEVICE_FAMILY = "1,2";
				TEST_TARGET_NAME = Diptych;
			};
			name = Debug;
		};
		AB2A9ECC2A5EC46300D70C33 /* Release */ = {
			isa = XCBuildConfiguration;
			buildSettings = {
				ALWAYS_EMBED_SWIFT_STANDARD_LIBRARIES = YES;
				CODE_SIGN_STYLE = Automatic;
				CURRENT_PROJECT_VERSION = 1;
				DEVELOPMENT_TEAM = N3H5YNSQ64;
				GENERATE_INFOPLIST_FILE = YES;
				MARKETING_VERSION = 1.0;
				PRODUCT_BUNDLE_IDENTIFIER = min.DiptychUITests;
				PRODUCT_NAME = "$(TARGET_NAME)";
				SWIFT_EMIT_LOC_STRINGS = NO;
				SWIFT_VERSION = 5.0;
				TARGETED_DEVICE_FAMILY = "1,2";
				TEST_TARGET_NAME = Diptych;
			};
			name = Release;
		};
/* End XCBuildConfiguration section */

/* Begin XCConfigurationList section */
		AB2A9E9B2A5EC46100D70C33 /* Build configuration list for PBXProject "Diptych" */ = {
			isa = XCConfigurationList;
			buildConfigurations = (
				AB2A9EC22A5EC46300D70C33 /* Debug */,
				AB2A9EC32A5EC46300D70C33 /* Release */,
			);
			defaultConfigurationIsVisible = 0;
			defaultConfigurationName = Release;
		};
		AB2A9EC42A5EC46300D70C33 /* Build configuration list for PBXNativeTarget "Diptych" */ = {
			isa = XCConfigurationList;
			buildConfigurations = (
				AB2A9EC52A5EC46300D70C33 /* Debug */,
				AB2A9EC62A5EC46300D70C33 /* Release */,
			);
			defaultConfigurationIsVisible = 0;
			defaultConfigurationName = Release;
		};
		AB2A9EC72A5EC46300D70C33 /* Build configuration list for PBXNativeTarget "DiptychTests" */ = {
			isa = XCConfigurationList;
			buildConfigurations = (
				AB2A9EC82A5EC46300D70C33 /* Debug */,
				AB2A9EC92A5EC46300D70C33 /* Release */,
			);
			defaultConfigurationIsVisible = 0;
			defaultConfigurationName = Release;
		};
		AB2A9ECA2A5EC46300D70C33 /* Build configuration list for PBXNativeTarget "DiptychUITests" */ = {
			isa = XCConfigurationList;
			buildConfigurations = (
				AB2A9ECB2A5EC46300D70C33 /* Debug */,
				AB2A9ECC2A5EC46300D70C33 /* Release */,
			);
			defaultConfigurationIsVisible = 0;
			defaultConfigurationName = Release;
		};
/* End XCConfigurationList section */

/* Begin XCRemoteSwiftPackageReference section */
		98D44DCF2A72D97D005B9E99 /* XCRemoteSwiftPackageReference "firebase-ios-sdk" */ = {
			isa = XCRemoteSwiftPackageReference;
			repositoryURL = "https://github.com/firebase/firebase-ios-sdk.git";
			requirement = {
				kind = upToNextMajorVersion;
				minimumVersion = 9.0.0;
			};
		};
		98D4A0872A6E6AAB00EB8C94 /* XCRemoteSwiftPackageReference "lottie-ios" */ = {
			isa = XCRemoteSwiftPackageReference;
			repositoryURL = "https://github.com/airbnb/lottie-ios";
			requirement = {
				kind = upToNextMajorVersion;
				minimumVersion = 4.0.0;
			};
		};
/* End XCRemoteSwiftPackageReference section */

/* Begin XCSwiftPackageProductDependency section */
		98D44DD02A72D97D005B9E99 /* FirebaseAnalytics */ = {
			isa = XCSwiftPackageProductDependency;
			package = 98D44DCF2A72D97D005B9E99 /* XCRemoteSwiftPackageReference "firebase-ios-sdk" */;
			productName = FirebaseAnalytics;
		};
		98D44DD22A72D97D005B9E99 /* FirebaseAuth */ = {
			isa = XCSwiftPackageProductDependency;
			package = 98D44DCF2A72D97D005B9E99 /* XCRemoteSwiftPackageReference "firebase-ios-sdk" */;
			productName = FirebaseAuth;
		};
		98D44DD42A72D97D005B9E99 /* FirebaseDatabase */ = {
			isa = XCSwiftPackageProductDependency;
			package = 98D44DCF2A72D97D005B9E99 /* XCRemoteSwiftPackageReference "firebase-ios-sdk" */;
			productName = FirebaseDatabase;
		};
		98D44DD62A72D97D005B9E99 /* FirebaseDatabaseSwift */ = {
			isa = XCSwiftPackageProductDependency;
			package = 98D44DCF2A72D97D005B9E99 /* XCRemoteSwiftPackageReference "firebase-ios-sdk" */;
			productName = FirebaseDatabaseSwift;
		};
		98D44DD82A72D97D005B9E99 /* FirebaseFirestore */ = {
			isa = XCSwiftPackageProductDependency;
			package = 98D44DCF2A72D97D005B9E99 /* XCRemoteSwiftPackageReference "firebase-ios-sdk" */;
			productName = FirebaseFirestore;
		};
		98D44DDA2A72D97D005B9E99 /* FirebaseFirestoreSwift */ = {
			isa = XCSwiftPackageProductDependency;
			package = 98D44DCF2A72D97D005B9E99 /* XCRemoteSwiftPackageReference "firebase-ios-sdk" */;
			productName = FirebaseFirestoreSwift;
		};
		98D44DDC2A72D97D005B9E99 /* FirebaseStorage */ = {
			isa = XCSwiftPackageProductDependency;
			package = 98D44DCF2A72D97D005B9E99 /* XCRemoteSwiftPackageReference "firebase-ios-sdk" */;
			productName = FirebaseStorage;
		};
		98D4A0882A6E6AAB00EB8C94 /* Lottie */ = {
			isa = XCSwiftPackageProductDependency;
			package = 98D4A0872A6E6AAB00EB8C94 /* XCRemoteSwiftPackageReference "lottie-ios" */;
			productName = Lottie;
		};
/* End XCSwiftPackageProductDependency section */
	};
	rootObject = AB2A9E982A5EC46100D70C33 /* Project object */;
}
